
Microsoft Visual Studio Solution File, Format Version 12.00
# Visual Studio 15
VisualStudioVersion = 15.0.28307.421
MinimumVisualStudioVersion = 10.0.40219.1
Project("{9A19103F-16F7-4668-BE54-9A1E7A4F7556}") = "Utils", "Utils\Utils.csproj", "{257E28CA-34CE-4862-9B58-446C1EED36D7}"
EndProject
Project("{9A19103F-16F7-4668-BE54-9A1E7A4F7556}") = "DungeonsOfDoom.Core", "DungeonsOfDoom.Core\DungeonsOfDoom.Core.csproj", "{C8797B8C-E9C2-41CB-9BC5-90A6750E6023}"
EndProject
Project("{FAE04EC0-301F-11D3-BF4B-00C04F79EFBC}") = "DungeonsOfDoom", "DungeonsOfDoom\DungeonsOfDoom.csproj", "{35BEC532-B64F-4D4E-ADC4-E9AC032F3CAE}"
EndProject
Global
	GlobalSection(SolutionConfigurationPlatforms) = preSolution
		Debug|Any CPU = Debug|Any CPU
		Release|Any CPU = Release|Any CPU
	EndGlobalSection
	GlobalSection(ProjectConfigurationPlatforms) = postSolution
		{257E28CA-34CE-4862-9B58-446C1EED36D7}.Debug|Any CPU.ActiveCfg = Debug|Any CPU
		{257E28CA-34CE-4862-9B58-446C1EED36D7}.Debug|Any CPU.Build.0 = Debug|Any CPU
		{257E28CA-34CE-4862-9B58-446C1EED36D7}.Release|Any CPU.ActiveCfg = Release|Any CPU
		{257E28CA-34CE-4862-9B58-446C1EED36D7}.Release|Any CPU.Build.0 = Release|Any CPU
		{C8797B8C-E9C2-41CB-9BC5-90A6750E6023}.Debug|Any CPU.ActiveCfg = Debug|Any CPU
		{C8797B8C-E9C2-41CB-9BC5-90A6750E6023}.Debug|Any CPU.Build.0 = Debug|Any CPU
		{C8797B8C-E9C2-41CB-9BC5-90A6750E6023}.Release|Any CPU.ActiveCfg = Release|Any CPU
		{C8797B8C-E9C2-41CB-9BC5-90A6750E6023}.Release|Any CPU.Build.0 = Release|Any CPU
		{35BEC532-B64F-4D4E-ADC4-E9AC032F3CAE}.Debug|Any CPU.ActiveCfg = Debug|Any CPU
		{35BEC532-B64F-4D4E-ADC4-E9AC032F3CAE}.Debug|Any CPU.Build.0 = Debug|Any CPU
		{35BEC532-B64F-4D4E-ADC4-E9AC032F3CAE}.Release|Any CPU.ActiveCfg = Release|Any CPU
		{35BEC532-B64F-4D4E-ADC4-E9AC032F3CAE}.Release|Any CPU.Build.0 = Release|Any CPU
	EndGlobalSection
	GlobalSection(SolutionProperties) = preSolution
		HideSolutionNode = FALSE
	EndGlobalSection
	GlobalSection(ExtensibilityGlobals) = postSolution
		SolutionGuid = {6C5B2490-8444-4A15-9931-49179F62D2FD}
	EndGlobalSection
EndGlobal
